lockfileVersion: '9.0'

settings:
  autoInstallPeers: true
  excludeLinksFromLockfile: false

overrides:
  fast-xml-builder: 1.1.7
  fast-xml-parser: 5.7.0
  undici: 6.27.0

importers:

  .:
    dependencies:
      '@actions/cache':
        specifier: 6.1.0
        version: 6.1.0
      '@actions/core':
        specifier: 3.0.1
        version: 3.0.1
      '@actions/github':
        specifier: 9.1.1
        version: 9.1.1
      '@actions/tool-cache':
        specifier: 4.0.0
        version: 4.0.0
    devDependencies:
      '@types/node':
        specifier: 26.0.1
        version: 26.0.1
      '@vercel/ncc':
        specifier: 0.44.0
        version: 0.44.0
      prettier:
        specifier: 3.9.1
        version: 3.9.1
      typescript:
        specifier: 6.0.3
        version: 6.0.3

packages:

  '@actions/cache@6.1.0':
    resolution: {integrity: sha512-LVqybSbzhBp2uAETOQ3HnVjXA4AcjavgMH+LCr+cjgO+PZfciv/1QAgoW+esXBaAhvDid+vXeV70GGJpAh4V5Q==}

  '@actions/core@3.0.1':
    resolution: {integrity: sha512-a6d/Nwahm9fliVGRhdhofo40HjHQasUPusmc7vBfyky+7Z+P2A1J68zyFVaNcEclc/Se+eO595oAr5nwEIoIUA==}

  '@actions/exec@3.0.0':
    resolution: {integrity: sha512-6xH/puSoNBXb72VPlZVm7vQ+svQpFyA96qdDBvhB8eNZOE8LtPf9L4oAsfzK/crCL8YZ+19fKYVnM63Sl+Xzlw==}

  '@actions/github@9.1.1':
    resolution: {integrity: sha512-tL5JbYOBZHc0ngEnCsaDcryUizIUIlQyIMwy1Wkx93H5HzbBJ7TbiPx2PnFjBwZW0Vh05JmfFZhecE6gglYegA==}

  '@actions/glob@0.6.1':
    resolution: {integrity: sha512-K4+2Ac5ILcf2ySdJCha+Pop9NcKjxqCL4xL4zI50dgB2PbXgC0+AcP011xfH4Of6b4QEJJg8dyZYv7zl4byTsw==}

  '@actions/http-client@3.0.2':
    resolution: {integrity: sha512-JP38FYYpyqvUsz+Igqlc/JG6YO9PaKuvqjM3iGvaLqFnJ7TFmcLyy2IDrY0bI0qCQug8E9K+elv5ZNfw62ZJzA==}

  '@actions/http-client@4.0.1':
    resolution: {integrity: sha512-+Nvd1ImaOZBSoPbsUtEhv+1z99H12xzncCkz0a3RuehINE81FZSe2QTj3uvAPTcJX/SCzUQHQ0D1GrPMbrPitg==}

  '@actions/io@3.0.2':
    resolution: {integrity: sha512-nRBchcMM+QK1pdjO7/idu86rbJI5YHUKCvKs0KxnSYbVe3F51UfGxuZX4Qy/fWlp6l7gWFwIkrOzN+oUK03kfw==}

  '@actions/tool-cache@4.0.0':
    resolution: {integrity: sha512-L8P9HbXvpvqjZDveb/fdsa55IVC0trfPgQ4ZwGo6r5af6YDVdM9vMGPZ7rgY2fAT9gGj4PSYd6bYlg3p3jD78A==}

  '@azure/abort-controller@2.1.2':
    resolution: {integrity: sha512-nBrLsEWm4J2u5LpAPjxADTlq3trDgVZZXHNKabeXZtpq3d3AbN/KGO82R87rdDz5/lYB024rtEf10/q0urNgsA==}
    engines: {node: '>=18.0.0'}

  '@azure/core-auth@1.10.1':
    resolution: {integrity: sha512-ykRMW8PjVAn+RS6ww5cmK9U2CyH9p4Q88YJwvUslfuMmN98w/2rdGRLPqJYObapBCdzBVeDgYWdJnFPFb7qzpg==}
    engines: {node: '>=20.0.0'}

  '@azure/core-client@1.10.1':
    resolution: {integrity: sha512-Nh5PhEOeY6PrnxNPsEHRr9eimxLwgLlpmguQaHKBinFYA/RU9+kOYVOQqOrTsCL+KSxrLLl1gD8Dk5BFW/7l/w==}
    engines: {node: '>=20.0.0'}

  '@azure/core-http-compat@2.4.0':
    resolution: {integrity: sha512-f1P96IB399YiN2ARYHP7EpZi3Bf3wH4SN2lGzrw7JVwm7bbsVYtf2iKSBwTywD2P62NOPZGHFSZi+6jjb75JuA==}
    engines: {node: '>=20.0.0'}
    peerDependencies:
      '@azure/core-client': ^1.10.0
      '@azure/core-rest-pipeline': ^1.22.0

  '@azure/core-lro@2.7.2':
    resolution: {integrity: sha512-0YIpccoX8m/k00O7mDDMdJpbr6mf1yWo2dfmxt5A8XVZVVMz2SSKaEbMCeJRvgQ0IaSlqhjT47p4hVIRRy90xw==}
    engines: {node: '>=18.0.0'}

  '@azure/core-paging@1.6.2':
    resolution: {integrity: sha512-YKWi9YuCU04B55h25cnOYZHxXYtEvQEbKST5vqRga7hWY9ydd3FZHdeQF8pyh+acWZvppw13M/LMGx0LABUVMA==}
    engines: {node: '>=18.0.0'}

  '@azure/core-rest-pipeline@1.23.0':
    resolution: {integrity: sha512-Evs1INHo+jUjwHi1T6SG6Ua/LHOQBCLuKEEE6efIpt4ZOoNonaT1kP32GoOcdNDbfqsD2445CPri3MubBy5DEQ==}
    engines: {node: '>=20.0.0'}

  '@azure/core-tracing@1.3.1':
    resolution: {integrity: sha512-9MWKevR7Hz8kNzzPLfX4EAtGM2b8mr50HPDBvio96bURP/9C+HjdH3sBlLSNNrvRAr5/k/svoH457gB5IKpmwQ==}
    engines: {node: '>=20.0.0'}

  '@azure/core-util@1.13.1':
    resolution: {integrity: sha512-XPArKLzsvl0Hf0CaGyKHUyVgF7oDnhKoP85Xv6M4StF/1AhfORhZudHtOyf2s+FcbuQ9dPRAjB8J2KvRRMUK2A==}
    engines: {node: '>=20.0.0'}

  '@azure/core-xml@1.5.1':
    resolution: {integrity: sha512-xcNRHqCoSp4AunOALEae6A8f3qATb83gSrm31Iqb01OzblvC3/W/bfXozcq78EzIdzZzuH1bZ2NvRR0TdX709w==}
    engines: {node: '>=20.0.0'}

  '@azure/logger@1.3.0':
    resolution: {integrity: sha512-fCqPIfOcLE+CGqGPd66c8bZpwAji98tZ4JI9i/mlTNTlsIWslCfpg48s/ypyLxZTump5sypjrKn2/kY7q8oAbA==}
    engines: {node: '>=20.0.0'}

  '@azure/storage-blob@12.31.0':
    resolution: {integrity: sha512-DBgNv10aCSxopt92DkTDD0o9xScXeBqPKGmR50FPZQaEcH4JLQ+GEOGEDv19V5BMkB7kxr+m4h6il/cCDPvmHg==}
    engines: {node: '>=20.0.0'}

  '@azure/storage-common@12.3.0':
    resolution: {integrity: sha512-/OFHhy86aG5Pe8dP5tsp+BuJ25JOAl9yaMU3WZbkeoiFMHFtJ7tu5ili7qEdBXNW9G5lDB19trwyI6V49F/8iQ==}
    engines: {node: '>=20.0.0'}

  '@nodable/entities@2.2.0':
    resolution: {integrity: sha512-9uGyhaQavEUMC8AIddIjau4NsnsXhou+j5sBAGojCM1oxmQpVKTWR/9JxABD6UAv12vpIms55fPZKFQEhG6uBg==}

  '@octokit/auth-token@6.0.0':
    resolution: {integrity: sha512-P4YJBPdPSpWTQ1NU4XYdvHvXJJDxM6YwpS0FZHRgP7YFkdVxsWcpWGy/NVqlAA7PcPCnMacXlRm1y2PFZRWL/w==}
    engines: {node: '>= 20'}

  '@octokit/core@7.0.6':
    resolution: {integrity: sha512-DhGl4xMVFGVIyMwswXeyzdL4uXD5OGILGX5N8Y+f6W7LhC1Ze2poSNrkF/fedpVDHEEZ+PHFW0vL14I+mm8K3Q==}
    engines: {node: '>= 20'}

  '@octokit/endpoint@11.0.3':
    resolution: {integrity: sha512-FWFlNxghg4HrXkD3ifYbS/IdL/mDHjh9QcsNyhQjN8dplUoZbejsdpmuqdA76nxj2xoWPs7p8uX2SNr9rYu0Ag==}
    engines: {node: '>= 20'}

  '@octokit/graphql@9.0.3':
    resolution: {integrity: sha512-grAEuupr/C1rALFnXTv6ZQhFuL1D8G5y8CN04RgrO4FIPMrtm+mcZzFG7dcBm+nq+1ppNixu+Jd78aeJOYxlGA==}
    engines: {node: '>= 20'}

  '@octokit/openapi-types@27.0.0':
    resolution: {integrity: sha512-whrdktVs1h6gtR+09+QsNk2+FO+49j6ga1c55YZudfEG+oKJVvJLQi3zkOm5JjiUXAagWK2tI2kTGKJ2Ys7MGA==}

  '@octokit/plugin-paginate-rest@14.0.0':
    resolution: {integrity: sha512-fNVRE7ufJiAA3XUrha2omTA39M6IXIc6GIZLvlbsm8QOQCYvpq/LkMNGyFlB1d8hTDzsAXa3OKtybdMAYsV/fw==}
    engines: {node: '>= 20'}
    peerDependencies:
      '@octokit/core': '>=6'

  '@octokit/plugin-rest-endpoint-methods@17.0.0':
    resolution: {integrity: sha512-B5yCyIlOJFPqUUeiD0cnBJwWJO8lkJs5d8+ze9QDP6SvfiXSz1BF+91+0MeI1d2yxgOhU/O+CvtiZ9jSkHhFAw==}
    engines: {node: '>= 20'}
    peerDependencies:
      '@octokit/core': '>=6'

  '@octokit/request-error@7.1.0':
    resolution: {integrity: sha512-KMQIfq5sOPpkQYajXHwnhjCC0slzCNScLHs9JafXc4RAJI+9f+jNDlBNaIMTvazOPLgb4BnlhGJOTbnN0wIjPw==}
    engines: {node: '>= 20'}

  '@octokit/request@10.0.8':
    resolution: {integrity: sha512-SJZNwY9pur9Agf7l87ywFi14W+Hd9Jg6Ifivsd33+/bGUQIjNujdFiXII2/qSlN2ybqUHfp5xpekMEjIBTjlSw==}
    engines: {node: '>= 20'}

  '@octokit/types@16.0.0':
    resolution: {integrity: sha512-sKq+9r1Mm4efXW1FCk7hFSeJo4QKreL/tTbR0rz/qx/r1Oa2VV83LTA/H/MuCOX7uCIJmQVRKBcbmWoySjAnSg==}

  '@protobuf-ts/runtime-rpc@2.11.1':
    resolution: {integrity: sha512-4CqqUmNA+/uMz00+d3CYKgElXO9VrEbucjnBFEjqI4GuDrEQ32MaI3q+9qPBvIGOlL4PmHXrzM32vBPWRhQKWQ==}

  '@protobuf-ts/runtime@2.11.1':
    resolution: {integrity: sha512-KuDaT1IfHkugM2pyz+FwiY80ejWrkH1pAtOBOZFuR6SXEFTsnb/jiQWQ1rCIrcKx2BtyxnxW6BWwsVSA/Ie+WQ==}

  '@types/node@26.0.1':
    resolution: {integrity: sha512-fc3KiUoBt6kie0N9bIW3E47vZsuaMf0PM2AaUpLCLT0s/LvX1nxAim6Fc049cNxODPpGm6qRAuUOB86SkRuPQw==}

  '@typespec/ts-http-runtime@0.3.5':
    resolution: {integrity: sha512-yURCknZhvywvQItHMMmFSo+fq5arCUIyz/CVk7jD89MSai7dkaX8ufjCWp3NttLojoTVbcE72ri+be/TnEbMHw==}
    engines: {node: '>=20.0.0'}

  '@vercel/ncc@0.44.0':
    resolution: {integrity: sha512-pHyI+bZokSgIscTKFSmpNk5vZzmOrb9RW0Vu4SRyqUvkJ0kgg3PzaZLLDVTFXhbUiCqg0/Eu8L4fKtgViA92kg==}
    hasBin: true

  agent-base@7.1.4:
    resolution: {integrity: sha512-MnA+YT8fwfJPgBx3m60MNqakm30XOkyIoH1y6huTQvC0PwZG7ki8NacLBcrPbNoo8vEZy7Jpuk7+jMO+CUovTQ==}
    engines: {node: '>= 14'}

  balanced-match@1.0.2:
    resolution: {integrity: sha512-3oSeUO0TMV67hN1AmbXsK4yaqU7tjiHlbxRDZOpH0KW9+CeX4bRAaX0Anxt0tx2MrpRpWwQaPwIlISEJhYU5Pw==}

  before-after-hook@4.0.0:
    resolution: {integrity: sha512-q6tR3RPqIB1pMiTRMFcZwuG5T8vwp+vUvEG0vuI6B+Rikh5BfPp2fQ82c925FOs+b0lcFQ8CFrL+KbilfZFhOQ==}

  brace-expansion@1.1.14:
    resolution: {integrity: sha512-MWPGfDxnyzKU7rNOW9SP/c50vi3xrmrua/+6hfPbCS2ABNWfx24vPidzvC7krjU/RTo235sV776ymlsMtGKj8g==}

  concat-map@0.0.1:
    resolution: {integrity: sha512-/Srv4dswyQNBfohGpz9o6Yb3Gz3SrUDqBH5rTuhGR7ahtlbYKnVxw2bCFMRljaA7EXHaXZ8wsHdodFvbkhKmqg==}

  debug@4.4.3:
    resolution: {integrity: sha512-RGwwWnwQvkVfavKVt22FGLw+xYSdzARwm0ru6DhTVA3umU5hZc28V3kO4stgYryrTlLpuvgI9GiijltAjNbcqA==}
    engines: {node: '>=6.0'}
    peerDependencies:
      supports-color: '*'
    peerDependenciesMeta:
      supports-color:
        optional: true

  events@3.3.0:
    resolution: {integrity: sha512-mQw+2fkQbALzQ7V0MY0IqdnXNOeTtP4r0lN9z7AAawCXgqea7bDii20AYrIBrFd/Hx0M2Ocz6S111CaFkUcb0Q==}
    engines: {node: '>=0.8.x'}

  fast-content-type-parse@3.0.0:
    resolution: {integrity: sha512-ZvLdcY8P+N8mGQJahJV5G4U88CSvT1rP8ApL6uETe88MBXrBHAkZlSEySdUlyztF7ccb+Znos3TFqaepHxdhBg==}

  fast-xml-builder@1.1.7:
    resolution: {integrity: sha512-Yh7/7rQuMXICNr0oMYDR2yHP6oUvmQsTToFeOWj/kIDhAwQ+c4Ol/lbcwOmEM5OHYQmh6S6EQSQ1sljCKP36bQ==}

  fast-xml-parser@5.7.0:
    resolution: {integrity: sha512-MTcrUoRQ1GSQ9iG3QJzBGquYYYeA7piZaJoIWbPFGbRn6Jj6z7xgoAyi4DrZX4y2ZIQQBF59gc/zmvvejjgoFQ==}
    hasBin: true

  http-proxy-agent@7.0.2:
    resolution: {integrity: sha512-T1gkAiYYDWYx3V5Bmyu7HcfcvL7mUrTWiM6yOfa3PIphViJ/gFPbvidQ+veqSOHci/PxBcDabeUNCzpOODJZig==}
    engines: {node: '>= 14'}

  https-proxy-agent@7.0.6:
    resolution: {integrity: sha512-vK9P5/iUfdl95AI+JVyUuIcVtd4ofvtrOr3HNtM2yxC9bnMbEdp3x01OhQNnjb8IJYi38VlTE3mBXwcfvywuSw==}
    engines: {node: '>= 14'}

  json-with-bigint@3.5.8:
    resolution: {integrity: sha512-eq/4KP6K34kwa7TcFdtvnftvHCD9KvHOGGICWwMFc4dOOKF5t4iYqnfLK8otCRCRv06FXOzGGyqE8h8ElMvvdw==}

  minimatch@3.1.5:
    resolution: {integrity: sha512-VgjWUsnnT6n+NUk6eZq77zeFdpW2LWDzP6zFGrCbHXiYNul5Dzqk2HHQ5uFH2DNW5Xbp8+jVzaeNt94ssEEl4w==}

  ms@2.1.3:
    resolution: {integrity: sha512-6FlzubTLZG3J2a/NVCAleEhjzq5oxgHyaCU9yYXvcLsvoVaHJq/s5xXI6/XXP6tz7R9xAOtHnSO/tXtF3WRTlA==}

  path-expression-matcher@1.5.0:
    resolution: {integrity: sha512-cbrerZV+6rvdQrrD+iGMcZFEiiSrbv9Tfdkvnusy6y0x0GKBXREFg/Y65GhIfm0tnLntThhzCnfKwp1WRjeCyQ==}
    engines: {node: '>=14.0.0'}

  prettier@3.9.1:
    resolution: {integrity: sha512-ppiDo2CSwexck1eyZUwJHg/N3nf1+6IRCv7W/VJ5vaLnVCmB7+3CdRfMwoCHBBX6xTrREDTksZ4OZl5SSf4zXA==}
    engines: {node: '>=14'}
    hasBin: true

  semver@7.7.4:
    resolution: {integrity: sha512-vFKC2IEtQnVhpT78h1Yp8wzwrf8CM+MzKMHGJZfBtzhZNycRFnXsHk6E5TxIkkMsgNS7mdX3AGB7x2QM2di4lA==}
    engines: {node: '>=10'}
    hasBin: true

  strnum@2.2.3:
    resolution: {integrity: sha512-oKx6RUCuHfT3oyVjtnrmn19H1SiCqgJSg+54XqURKp5aCMbrXrhLjRN9TjuwMjiYstZ0MzDrHqkGZ5dFTKd+zg==}

  tslib@2.8.1:
    resolution: {integrity: sha512-oJFu94HQb+KVduSUQL7wnpmqnfmLsOA/nAh6b6EH0wCEoK0/mPeXU6c3wKDV83MkOuHPRHtSXKKU99IBazS/2w==}

  tunnel@0.0.6:
    resolution: {integrity: sha512-1h/Lnq9yajKY2PEbBadPXj3VxsDDu844OnaAo52UVmIzIvwwtBPIuNvkjuzBlTWpfJyUbG3ez0KSBibQkj4ojg==}
    engines: {node: '>=0.6.11 <=0.7.0 || >=0.7.3'}

  typescript@6.0.3:
    resolution: {integrity: sha512-y2TvuxSZPDyQakkFRPZHKFm+KKVqIisdg9/CZwm9ftvKXLP8NRWj38/ODjNbr43SsoXqNuAisEf1GdCxqWcdBw==}
    engines: {node: '>=14.17'}
    hasBin: true

  undici-types@8.3.0:
    resolution: {integrity: sha512-j375ScV60dom+YkPFIfTLcOiPxkN/buHz5GobjLhixFuANaNs3C9l4GmrWqejgXWJ7BbJcFYpTEUkS1Ge8bpZQ==}

  undici@6.27.0:
    resolution: {integrity: sha512-YmfV3YnEDzXRC5lZ2jWtWWHKGUm1zIt8AhesR1tens+HTNv+YZlN/dp6G727LOvMJ8xjP9Be7Y2Sdr96LDm+pg==}
    engines: {node: '>=18.17'}

  universal-user-agent@7.0.3:
    resolution: {integrity: sha512-TmnEAEAsBJVZM/AADELsK76llnwcf9vMKuPz8JflO1frO8Lchitr0fNaN9d+Ap0BjKtqWqd/J17qeDnXh8CL2A==}

snapshots:

  '@actions/cache@6.1.0':
    dependencies:
      '@actions/core': 3.0.1
      '@actions/exec': 3.0.0
      '@actions/glob': 0.6.1
      '@actions/http-client': 4.0.1
      '@actions/io': 3.0.2
      '@azure/core-rest-pipeline': 1.23.0
      '@azure/storage-blob': 12.31.0
      '@protobuf-ts/runtime-rpc': 2.11.1
      semver: 7.7.4
    transitivePeerDependencies:
      - supports-color

  '@actions/core@3.0.1':
    dependencies:
      '@actions/exec': 3.0.0
      '@actions/http-client': 4.0.1

  '@actions/exec@3.0.0':
    dependencies:
      '@actions/io': 3.0.2

  '@actions/github@9.1.1':
    dependencies:
      '@actions/http-client': 3.0.2
      '@octokit/core': 7.0.6
      '@octokit/plugin-paginate-rest': 14.0.0(@octokit/core@7.0.6)
      '@octokit/plugin-rest-endpoint-methods': 17.0.0(@octokit/core@7.0.6)
      '@octokit/request': 10.0.8
      '@octokit/request-error': 7.1.0
      undici: 6.27.0

  '@actions/glob@0.6.1':
    dependencies:
      '@actions/core': 3.0.1
      minimatch: 3.1.5

  '@actions/http-client@3.0.2':
    dependencies:
      tunnel: 0.0.6
      undici: 6.27.0

  '@actions/http-client@4.0.1':
    dependencies:
      tunnel: 0.0.6
      undici: 6.27.0

  '@actions/io@3.0.2': {}

  '@actions/tool-cache@4.0.0':
    dependencies:
      '@actions/core': 3.0.1
      '@actions/exec': 3.0.0
      '@actions/http-client': 4.0.1
      '@actions/io': 3.0.2
      semver: 7.7.4

  '@azure/abort-controller@2.1.2':
    dependencies:
      tslib: 2.8.1

  '@azure/core-auth@1.10.1':
    dependencies:
      '@azure/abort-controller': 2.1.2
      '@azure/core-util': 1.13.1
      tslib: 2.8.1
    transitivePeerDependencies:
      - supports-color

  '@azure/core-client@1.10.1':
    dependencies:
      '@azure/abort-controller': 2.1.2
      '@azure/core-auth': 1.10.1
      '@azure/core-rest-pipeline': 1.23.0
      '@azure/core-tracing': 1.3.1
      '@azure/core-util': 1.13.1
      '@azure/logger': 1.3.0
      tslib: 2.8.1
    transitivePeerDependencies:
      - supports-color

  '@azure/core-http-compat@2.4.0(@azure/core-client@1.10.1)(@azure/core-rest-pipeline@1.23.0)':
    dependencies:
      '@azure/abort-controller': 2.1.2
      '@azure/core-client': 1.10.1
      '@azure/core-rest-pipeline': 1.23.0

  '@azure/core-lro@2.7.2':
    dependencies:
      '@azure/abort-controller': 2.1.2
      '@azure/core-util': 1.13.1
      '@azure/logger': 1.3.0
      tslib: 2.8.1
    transitivePeerDependencies:
      - supports-color

  '@azure/core-paging@1.6.2':
    dependencies:
      tslib: 2.8.1

  '@azure/core-rest-pipeline@1.23.0':
    dependencies:
      '@azure/abort-controller': 2.1.2
      '@azure/core-auth': 1.10.1
      '@azure/core-tracing': 1.3.1
      '@azure/core-util': 1.13.1
      '@azure/logger': 1.3.0
      '@typespec/ts-http-runtime': 0.3.5
      tslib: 2.8.1
    transitivePeerDependencies:
      - supports-color

  '@azure/core-tracing@1.3.1':
    dependencies:
      tslib: 2.8.1

  '@azure/core-util@1.13.1':
    dependencies:
      '@azure/abort-controller': 2.1.2
      '@typespec/ts-http-runtime': 0.3.5
      tslib: 2.8.1
    transitivePeerDependencies:
      - supports-color

  '@azure/core-xml@1.5.1':
    dependencies:
      fast-xml-parser: 5.7.0
      tslib: 2.8.1

  '@azure/logger@1.3.0':
    dependencies:
      '@typespec/ts-http-runtime': 0.3.5
      tslib: 2.8.1
    transitivePeerDependencies:
      - supports-color

  '@azure/storage-blob@12.31.0':
    dependencies:
      '@azure/abort-controller': 2.1.2
      '@azure/core-auth': 1.10.1
      '@azure/core-client': 1.10.1
      '@azure/core-http-compat': 2.4.0(@azure/core-client@1.10.1)(@azure/core-rest-pipeline@1.23.0)
      '@azure/core-lro': 2.7.2
      '@azure/core-paging': 1.6.2
      '@azure/core-rest-pipeline': 1.23.0
      '@azure/core-tracing': 1.3.1
      '@azure/core-util': 1.13.1
      '@azure/core-xml': 1.5.1
      '@azure/logger': 1.3.0
      '@azure/storage-common': 12.3.0(@azure/core-client@1.10.1)
      events: 3.3.0
      tslib: 2.8.1
    transitivePeerDependencies:
      - supports-color

  '@azure/storage-common@12.3.0(@azure/core-client@1.10.1)':
    dependencies:
      '@azure/abort-controller': 2.1.2
      '@azure/core-auth': 1.10.1
      '@azure/core-http-compat': 2.4.0(@azure/core-client@1.10.1)(@azure/core-rest-pipeline@1.23.0)
      '@azure/core-rest-pipeline': 1.23.0
      '@azure/core-tracing': 1.3.1
      '@azure/core-util': 1.13.1
      '@azure/logger': 1.3.0
      events: 3.3.0
      tslib: 2.8.1
    transitivePeerDependencies:
      - '@azure/core-client'
      - supports-color

  '@nodable/entities@2.2.0': {}

  '@octokit/auth-token@6.0.0': {}

  '@octokit/core@7.0.6':
    dependencies:
      '@octokit/auth-token': 6.0.0
      '@octokit/graphql': 9.0.3
      '@octokit/request': 10.0.8
      '@octokit/request-error': 7.1.0
      '@octokit/types': 16.0.0
      before-after-hook: 4.0.0
      universal-user-agent: 7.0.3

  '@octokit/endpoint@11.0.3':
    dependencies:
      '@octokit/types': 16.0.0
      universal-user-agent: 7.0.3

  '@octokit/graphql@9.0.3':
    dependencies:
      '@octokit/request': 10.0.8
      '@octokit/types': 16.0.0
      universal-user-agent: 7.0.3

  '@octokit/openapi-types@27.0.0': {}

  '@octokit/plugin-paginate-rest@14.0.0(@octokit/core@7.0.6)':
    dependencies:
      '@octokit/core': 7.0.6
      '@octokit/types': 16.0.0

  '@octokit/plugin-rest-endpoint-methods@17.0.0(@octokit/core@7.0.6)':
    dependencies:
      '@octokit/core': 7.0.6
      '@octokit/types': 16.0.0

  '@octokit/request-error@7.1.0':
    dependencies:
      '@octokit/types': 16.0.0

  '@octokit/request@10.0.8':
    dependencies:
      '@octokit/endpoint': 11.0.3
      '@octokit/request-error': 7.1.0
      '@octokit/types': 16.0.0
      fast-content-type-parse: 3.0.0
      json-with-bigint: 3.5.8
      universal-user-agent: 7.0.3

  '@octokit/types@16.0.0':
    dependencies:
      '@octokit/openapi-types': 27.0.0

  '@protobuf-ts/runtime-rpc@2.11.1':
    dependencies:
      '@protobuf-ts/runtime': 2.11.1

  '@protobuf-ts/runtime@2.11.1': {}

  '@types/node@26.0.1':
    dependencies:
      undici-types: 8.3.0

  '@typespec/ts-http-runtime@0.3.5':
    dependencies:
      http-proxy-agent: 7.0.2
      https-proxy-agent: 7.0.6
      tslib: 2.8.1
    transitivePeerDependencies:
      - supports-color

  '@vercel/ncc@0.44.0': {}

  agent-base@7.1.4: {}

  balanced-match@1.0.2: {}

  before-after-hook@4.0.0: {}

  brace-expansion@1.1.14:
    dependencies:
      balanced-match: 1.0.2
      concat-map: 0.0.1

  concat-map@0.0.1: {}

  debug@4.4.3:
    dependencies:
      ms: 2.1.3

  events@3.3.0: {}

  fast-content-type-parse@3.0.0: {}

  fast-xml-builder@1.1.7:
    dependencies:
      path-expression-matcher: 1.5.0

  fast-xml-parser@5.7.0:
    dependencies:
      '@nodable/entities': 2.2.0
      fast-xml-builder: 1.1.7
      path-expression-matcher: 1.5.0
      strnum: 2.2.3

  http-proxy-agent@7.0.2:
    dependencies:
      agent-base: 7.1.4
      debug: 4.4.3
    transitivePeerDependencies:
      - supports-color

  https-proxy-agent@7.0.6:
    dependencies:
      agent-base: 7.1.4
      debug: 4.4.3
    transitivePeerDependencies:
      - supports-color

  json-with-bigint@3.5.8: {}

  minimatch@3.1.5:
    dependencies:
      brace-expansion: 1.1.14

  ms@2.1.3: {}

  path-expression-matcher@1.5.0: {}

  prettier@3.9.1: {}

  semver@7.7.4: {}

  strnum@2.2.3: {}

  tslib@2.8.1: {}

  tunnel@0.0.6: {}

  typescript@6.0.3: {}

  undici-types@8.3.0: {}

  undici@6.27.0: {}

  universal-user-agent@7.0.3: {}
